
Microsoft Visual Studio Solution File, Format Version 12.00
# Visual Studio Version 16
VisualStudioVersion = 16.0.29728.190
MinimumVisualStudioVersion = 10.0.40219.1
Project("{FAE04EC0-301F-11D3-BF4B-00C04F79EFBC}") = "ProyectoFinalASP", "ProyectoFinalASP\ProyectoFinalASP.csproj", "{7CEAFE30-042D-4602-98BB-12DA3246FC4F}"
EndProject
Global
	GlobalSection(SolutionConfigurationPlatforms) = preSolution
		Debug|Any CPU = Debug|Any CPU
		Release|Any CPU = Release|Any CPU
	EndGlobalSection
	GlobalSection(ProjectConfigurationPlatforms) = postSolution
		{7CEAFE30-042D-4602-98BB-12DA3246FC4F}.Debug|Any CPU.ActiveCfg = Debug|Any CPU
		{7CEAFE30-042D-4602-98BB-12DA3246FC4F}.Debug|Any CPU.Build.0 = Debug|Any CPU
		{7CEAFE30-042D-4602-98BB-12DA3246FC4F}.Release|Any CPU.ActiveCfg = Release|Any CPU
		{7CEAFE30-042D-4602-98BB-12DA3246FC4F}.Release|Any CPU.Build.0 = Release|Any CPU
	EndGlobalSection
	GlobalSection(SolutionProperties) = preSolution
		HideSolutionNode = FALSE
	EndGlobalSection
	GlobalSection(ExtensibilityGlobals) = postSolution
		SolutionGuid = {328D1E78-A60D-4A76-879F-908633D3305B}
	EndGlobalSection
EndGlobal
